
Microsoft Visual Studio Solution File, Format Version 12.00
# Visual Studio Version 16
VisualStudioVersion = 16.0.31911.196
MinimumVisualStudioVersion = 10.0.40219.1
Project("{FAE04EC0-301F-11D3-BF4B-00C04F79EFBC}") = "pooPokemonApp", "pooPokemonApp\pooPokemonApp.csproj", "{B5EF64EC-91A1-4EFA-BA0A-2CEC87B0EAEA}"
EndProject
Global
	GlobalSection(SolutionConfigurationPlatforms) = preSolution
		Debug|Any CPU = Debug|Any CPU
		Release|Any CPU = Release|Any CPU
	EndGlobalSection
	GlobalSection(ProjectConfigurationPlatforms) = postSolution
		{B5EF64EC-91A1-4EFA-BA0A-2CEC87B0EAEA}.Debug|Any CPU.ActiveCfg = Debug|Any CPU
		{B5EF64EC-91A1-4EFA-BA0A-2CEC87B0EAEA}.Debug|Any CPU.Build.0 = Debug|Any CPU
		{B5EF64EC-91A1-4EFA-BA0A-2CEC87B0EAEA}.Release|Any CPU.ActiveCfg = Release|Any CPU
		{B5EF64EC-91A1-4EFA-BA0A-2CEC87B0EAEA}.Release|Any CPU.Build.0 = Release|Any CPU
	EndGlobalSection
	GlobalSection(SolutionProperties) = preSolution
		HideSolutionNode = FALSE
	EndGlobalSection
	GlobalSection(ExtensibilityGlobals) = postSolution
		SolutionGuid = {DD6CDEDB-E93B-476B-9E07-4313F3C6786A}
	EndGlobalSection
EndGlobal
