
Microsoft Visual Studio Solution File, Format Version 12.00
# Visual Studio Version 16
VisualStudioVersion = 16.0.31911.196
MinimumVisualStudioVersion = 10.0.40219.1
Project("{FAE04EC0-301F-11D3-BF4B-00C04F79EFBC}") = "maiorIdade", "maiorIdade\maiorIdade.csproj", "{AE0403E6-D367-4846-B33A-281A2021D880}"
EndProject
Global
	GlobalSection(SolutionConfigurationPlatforms) = preSolution
		Debug|Any CPU = Debug|Any CPU
		Release|Any CPU = Release|Any CPU
	EndGlobalSection
	GlobalSection(ProjectConfigurationPlatforms) = postSolution
		{AE0403E6-D367-4846-B33A-281A2021D880}.Debug|Any CPU.ActiveCfg = Debug|Any CPU
		{AE0403E6-D367-4846-B33A-281A2021D880}.Debug|Any CPU.Build.0 = Debug|Any CPU
		{AE0403E6-D367-4846-B33A-281A2021D880}.Release|Any CPU.ActiveCfg = Release|Any CPU
		{AE0403E6-D367-4846-B33A-281A2021D880}.Release|Any CPU.Build.0 = Release|Any CPU
	EndGlobalSection
	GlobalSection(SolutionProperties) = preSolution
		HideSolutionNode = FALSE
	EndGlobalSection
	GlobalSection(ExtensibilityGlobals) = postSolution
		SolutionGuid = {89B712B1-0CFC-4066-96CA-DCF28F7A1676}
	EndGlobalSection
EndGlobal
